<?xml version="1.0" encoding="utf-8"?>
<Project ToolsVersion="4.0" xmlns="http://schemas.microsoft.com/developer/msbuild/2003">
  <ItemGroup>
    <Filter Include="Source Files">
      <UniqueIdentifier>{4FC737F1-C7A5-4376-A066-2A32D752A2FF}</UniqueIdentifier>
      <Extensions>qml;cpp;c;cc;cxx;def;odl;idl;hpj;bat;asm;asmx</Extensions>
    </Filter>
    <Filter Include="Header Files">
      <UniqueIdentifier>{93995380-89BD-4b04-88EB-625FBE52EBFB}</UniqueIdentifier>
      <Extensions>h;hh;hpp;hxx;hm;inl;inc;xsd</Extensions>
    </Filter>
    <Filter Include="Resource Files">
      <UniqueIdentifier>{67DA6AB6-F800-4c08-8B7A-83BB121AAD01}</UniqueIdentifier>
      <Extensions>qrc;rc;ico;cur;bmp;dlg;rc2;rct;bin;rgs;gif;jpg;jpeg;jpe;resx;tiff;tif;png;wav;mfcribbon-ms</Extensions>
    </Filter>
    <Filter Include="Form Files">
      <UniqueIdentifier>{99349809-55BA-4b9d-BF79-8FDBB0286EB3}</UniqueIdentifier>
      <Extensions>ui</Extensions>
    </Filter>
    <Filter Include="Translation Files">
      <UniqueIdentifier>{639EADAA-A684-42e4-A9AD-28FC9BCB8F7C}</UniqueIdentifier>
      <Extensions>ts</Extensions>
    </Filter>
  </ItemGroup>
  <ItemGroup>
    <QtRcc Include="Surf.qrc">
      <Filter>Resource Files</Filter>
    </QtRcc>
    <QtUic Include="Surf.ui">
      <Filter>Form Files</Filter>
    </QtUic>
    <QtMoc Include="Surf.h">
      <Filter>Header Files</Filter>
    </QtMoc>
    <ClCompile Include="Surf.cpp">
      <Filter>Source Files</Filter>
    </ClCompile>
  </ItemGroup>
  <ItemGroup>
    <ClCompile Include="main.cpp">
      <Filter>Source Files</Filter>
    </ClCompile>
    <ClCompile Include="Map.cpp">
      <Filter>Source Files</Filter>
    </ClCompile>
    <ClCompile Include="player.cpp">
      <Filter>Source Files</Filter>
    </ClCompile>
    <ClCompile Include="About.cpp">
      <Filter>Source Files</Filter>
    </ClCompile>
    <ClCompile Include="RWScore.cpp">
      <Filter>Source Files</Filter>
    </ClCompile>
    <ClCompile Include="Game.cpp">
      <Filter>Source Files</Filter>
    </ClCompile>
    <ClCompile Include="Water.cpp">
      <Filter>Source Files</Filter>
    </ClCompile>
    <ClCompile Include="Interface.cpp">
      <Filter>Source Files</Filter>
    </ClCompile>
    <ClCompile Include="Objects.cpp">
      <Filter>Source Files</Filter>
    </ClCompile>
    <ClCompile Include="Objects32.cpp">
      <Filter>Source Files</Filter>
    </ClCompile>
    <ClCompile Include="Objects64.cpp">
      <Filter>Source Files</Filter>
    </ClCompile>
    <ClCompile Include="Island.cpp">
      <Filter>Source Files</Filter>
    </ClCompile>
    <ClCompile Include="Ambient64.cpp">
      <Filter>Source Files</Filter>
    </ClCompile>
    <ClCompile Include="Interact.cpp">
      <Filter>Source Files</Filter>
    </ClCompile>
    <ClCompile Include="Guide.cpp">
      <Filter>Source Files</Filter>
    </ClCompile>
  </ItemGroup>
  <ItemGroup>
    <ClInclude Include="config.h">
      <Filter>Header Files</Filter>
    </ClInclude>
    <ClInclude Include="Map.h">
      <Filter>Header Files</Filter>
    </ClInclude>
    <ClInclude Include="player.h">
      <Filter>Header Files</Filter>
    </ClInclude>
    <ClInclude Include="RWScore.h">
      <Filter>Header Files</Filter>
    </ClInclude>
    <ClInclude Include="Water.h">
      <Filter>Header Files</Filter>
    </ClInclude>
    <ClInclude Include="Interface.h">
      <Filter>Header Files</Filter>
    </ClInclude>
    <ClInclude Include="Objects.h">
      <Filter>Header Files</Filter>
    </ClInclude>
    <ClInclude Include="Objects32.h">
      <Filter>Header Files</Filter>
    </ClInclude>
    <ClInclude Include="Objects64.h">
      <Filter>Header Files</Filter>
    </ClInclude>
    <ClInclude Include="Island.h">
      <Filter>Header Files</Filter>
    </ClInclude>
    <ClInclude Include="Ambient64.h">
      <Filter>Header Files</Filter>
    </ClInclude>
    <ClInclude Include="Interact.h">
      <Filter>Header Files</Filter>
    </ClInclude>
  </ItemGroup>
  <ItemGroup>
    <QtUic Include="About.ui">
      <Filter>Form Files</Filter>
    </QtUic>
    <QtUic Include="Guide.ui">
      <Filter>Form Files</Filter>
    </QtUic>
    <QtUic Include="Game.ui">
      <Filter>Form Files</Filter>
    </QtUic>
  </ItemGroup>
  <ItemGroup>
    <QtMoc Include="About.h">
      <Filter>Header Files</Filter>
    </QtMoc>
    <QtMoc Include="Game.h">
      <Filter>Header Files</Filter>
    </QtMoc>
    <QtMoc Include="Guide.h">
      <Filter>Header Files</Filter>
    </QtMoc>
  </ItemGroup>
</Project>